
Microsoft Visual Studio Solution File, Format Version 12.00
# Visual Studio Version 16
VisualStudioVersion = 16.0.30517.126
MinimumVisualStudioVersion = 10.0.40219.1
Project("{FAE04EC0-301F-11D3-BF4B-00C04F79EFBC}") = "StringParserLibrary", "StringParserLibrary\StringParserLibrary.csproj", "{6969D78A-0BBC-47BE-AA24-65092398FE13}"
EndProject
Project("{FAE04EC0-301F-11D3-BF4B-00C04F79EFBC}") = "UsageExamples", "UsageExamples\UsageExamples.csproj", "{5DE5A1B3-BB4A-4FF5-A532-E75027ED6D6B}"
EndProject
Global
	GlobalSection(SolutionConfigurationPlatforms) = preSolution
		Debug|Any CPU = Debug|Any CPU
		Release|Any CPU = Release|Any CPU
	EndGlobalSection
	GlobalSection(ProjectConfigurationPlatforms) = postSolution
		{6969D78A-0BBC-47BE-AA24-65092398FE13}.Debug|Any CPU.ActiveCfg = Debug|Any CPU
		{6969D78A-0BBC-47BE-AA24-65092398FE13}.Debug|Any CPU.Build.0 = Debug|Any CPU
		{6969D78A-0BBC-47BE-AA24-65092398FE13}.Release|Any CPU.ActiveCfg = Release|Any CPU
		{6969D78A-0BBC-47BE-AA24-65092398FE13}.Release|Any CPU.Build.0 = Release|Any CPU
		{5DE5A1B3-BB4A-4FF5-A532-E75027ED6D6B}.Debug|Any CPU.ActiveCfg = Debug|Any CPU
		{5DE5A1B3-BB4A-4FF5-A532-E75027ED6D6B}.Debug|Any CPU.Build.0 = Debug|Any CPU
		{5DE5A1B3-BB4A-4FF5-A532-E75027ED6D6B}.Release|Any CPU.ActiveCfg = Release|Any CPU
		{5DE5A1B3-BB4A-4FF5-A532-E75027ED6D6B}.Release|Any CPU.Build.0 = Release|Any CPU
	EndGlobalSection
	GlobalSection(SolutionProperties) = preSolution
		HideSolutionNode = FALSE
	EndGlobalSection
	GlobalSection(ExtensibilityGlobals) = postSolution
		SolutionGuid = {4DCD5799-487C-40D5-A4B2-7DF6CF4DA4BD}
	EndGlobalSection
EndGlobal
