
Microsoft Visual Studio Solution File, Format Version 12.00
# Visual Studio Version 16
VisualStudioVersion = 16.0.30517.126
MinimumVisualStudioVersion = 10.0.40219.1
Project("{FAE04EC0-301F-11D3-BF4B-00C04F79EFBC}") = "ConsoleCalculator", "ConsoleCalculator\ConsoleCalculator.csproj", "{6C34E21E-9544-4F4D-8AC1-B7EFE4CA6FB1}"
EndProject
Global
	GlobalSection(SolutionConfigurationPlatforms) = preSolution
		Debug|Any CPU = Debug|Any CPU
		Release|Any CPU = Release|Any CPU
	EndGlobalSection
	GlobalSection(ProjectConfigurationPlatforms) = postSolution
		{6C34E21E-9544-4F4D-8AC1-B7EFE4CA6FB1}.Debug|Any CPU.ActiveCfg = Debug|Any CPU
		{6C34E21E-9544-4F4D-8AC1-B7EFE4CA6FB1}.Debug|Any CPU.Build.0 = Debug|Any CPU
		{6C34E21E-9544-4F4D-8AC1-B7EFE4CA6FB1}.Release|Any CPU.ActiveCfg = Release|Any CPU
		{6C34E21E-9544-4F4D-8AC1-B7EFE4CA6FB1}.Release|Any CPU.Build.0 = Release|Any CPU
	EndGlobalSection
	GlobalSection(SolutionProperties) = preSolution
		HideSolutionNode = FALSE
	EndGlobalSection
	GlobalSection(ExtensibilityGlobals) = postSolution
		SolutionGuid = {97002104-09A3-4B73-ACA6-35B4D0416F0E}
	EndGlobalSection
EndGlobal
