
Microsoft Visual Studio Solution File, Format Version 12.00
# Visual Studio Version 16
VisualStudioVersion = 16.0.30517.126
MinimumVisualStudioVersion = 10.0.40219.1
Project("{FAE04EC0-301F-11D3-BF4B-00C04F79EFBC}") = "ShapeLibrary", "ShapeLibrary\ShapeLibrary.csproj", "{33B77EF6-B9B1-4114-988D-89339AE2D8BA}"
EndProject
Project("{FAE04EC0-301F-11D3-BF4B-00C04F79EFBC}") = "ExamplesOfCases", "ExamplesOfCases\ExamplesOfCases.csproj", "{9BF92D7B-B0EB-405E-8A8F-E9E35EB1CD34}"
EndProject
Global
	GlobalSection(SolutionConfigurationPlatforms) = preSolution
		Debug|Any CPU = Debug|Any CPU
		Release|Any CPU = Release|Any CPU
	EndGlobalSection
	GlobalSection(ProjectConfigurationPlatforms) = postSolution
		{33B77EF6-B9B1-4114-988D-89339AE2D8BA}.Debug|Any CPU.ActiveCfg = Debug|Any CPU
		{33B77EF6-B9B1-4114-988D-89339AE2D8BA}.Debug|Any CPU.Build.0 = Debug|Any CPU
		{33B77EF6-B9B1-4114-988D-89339AE2D8BA}.Release|Any CPU.ActiveCfg = Release|Any CPU
		{33B77EF6-B9B1-4114-988D-89339AE2D8BA}.Release|Any CPU.Build.0 = Release|Any CPU
		{9BF92D7B-B0EB-405E-8A8F-E9E35EB1CD34}.Debug|Any CPU.ActiveCfg = Debug|Any CPU
		{9BF92D7B-B0EB-405E-8A8F-E9E35EB1CD34}.Debug|Any CPU.Build.0 = Debug|Any CPU
		{9BF92D7B-B0EB-405E-8A8F-E9E35EB1CD34}.Release|Any CPU.ActiveCfg = Release|Any CPU
		{9BF92D7B-B0EB-405E-8A8F-E9E35EB1CD34}.Release|Any CPU.Build.0 = Release|Any CPU
	EndGlobalSection
	GlobalSection(SolutionProperties) = preSolution
		HideSolutionNode = FALSE
	EndGlobalSection
	GlobalSection(ExtensibilityGlobals) = postSolution
		SolutionGuid = {67E9F480-7DCC-4506-A86D-EB45075806E5}
	EndGlobalSection
EndGlobal
