
Microsoft Visual Studio Solution File, Format Version 12.00
# Visual Studio Version 16
VisualStudioVersion = 16.0.30517.126
MinimumVisualStudioVersion = 10.0.40219.1
Project("{9A19103F-16F7-4668-BE54-9A1E7A4F7556}") = "DfsSearchLibrary", "DfsSearchLibrary\DfsSearchLibrary.csproj", "{57872F7E-15EB-43AA-AB02-92E6AB9F25FD}"
EndProject
Project("{FAE04EC0-301F-11D3-BF4B-00C04F79EFBC}") = "UsageExample", "UsageExample\UsageExample.csproj", "{85A50047-560E-4F82-BAFF-088E139CFAED}"
EndProject
Global
	GlobalSection(SolutionConfigurationPlatforms) = preSolution
		Debug|Any CPU = Debug|Any CPU
		Release|Any CPU = Release|Any CPU
	EndGlobalSection
	GlobalSection(ProjectConfigurationPlatforms) = postSolution
		{57872F7E-15EB-43AA-AB02-92E6AB9F25FD}.Debug|Any CPU.ActiveCfg = Debug|Any CPU
		{57872F7E-15EB-43AA-AB02-92E6AB9F25FD}.Debug|Any CPU.Build.0 = Debug|Any CPU
		{57872F7E-15EB-43AA-AB02-92E6AB9F25FD}.Release|Any CPU.ActiveCfg = Release|Any CPU
		{57872F7E-15EB-43AA-AB02-92E6AB9F25FD}.Release|Any CPU.Build.0 = Release|Any CPU
		{85A50047-560E-4F82-BAFF-088E139CFAED}.Debug|Any CPU.ActiveCfg = Debug|Any CPU
		{85A50047-560E-4F82-BAFF-088E139CFAED}.Debug|Any CPU.Build.0 = Debug|Any CPU
		{85A50047-560E-4F82-BAFF-088E139CFAED}.Release|Any CPU.ActiveCfg = Release|Any CPU
		{85A50047-560E-4F82-BAFF-088E139CFAED}.Release|Any CPU.Build.0 = Release|Any CPU
	EndGlobalSection
	GlobalSection(SolutionProperties) = preSolution
		HideSolutionNode = FALSE
	EndGlobalSection
	GlobalSection(ExtensibilityGlobals) = postSolution
		SolutionGuid = {B6520ECC-26F8-4926-8B5A-06A1F2F6BF42}
	EndGlobalSection
EndGlobal
